
Microsoft Visual Studio Solution File, Format Version 12.00
# Visual Studio Version 16
VisualStudioVersion = 16.0.31729.503
MinimumVisualStudioVersion = 10.0.40219.1
Project("{2150E333-8FDC-42A3-9474-1A3956D46DE8}") = "NuevaZonaFranca", "NuevaZonaFranca", "{81F6C796-9860-4E33-AF8E-ED9F790479A7}"
EndProject
Project("{FAE04EC0-301F-11D3-BF4B-00C04F79EFBC}") = "TransferenciaZonaFrancaV2", "TransferenciaZonaFrancaV2\TransferenciaZonaFrancaV2.csproj", "{4987FEF9-F92C-469F-B9DF-9219901B4CC5}"
EndProject
Global
	GlobalSection(SolutionConfigurationPlatforms) = preSolution
		Debug|Any CPU = Debug|Any CPU
		Release|Any CPU = Release|Any CPU
	EndGlobalSection
	GlobalSection(ProjectConfigurationPlatforms) = postSolution
		{4987FEF9-F92C-469F-B9DF-9219901B4CC5}.Debug|Any CPU.ActiveCfg = Debug|Any CPU
		{4987FEF9-F92C-469F-B9DF-9219901B4CC5}.Debug|Any CPU.Build.0 = Debug|Any CPU
		{4987FEF9-F92C-469F-B9DF-9219901B4CC5}.Release|Any CPU.ActiveCfg = Release|Any CPU
		{4987FEF9-F92C-469F-B9DF-9219901B4CC5}.Release|Any CPU.Build.0 = Release|Any CPU
	EndGlobalSection
	GlobalSection(SolutionProperties) = preSolution
		HideSolutionNode = FALSE
	EndGlobalSection
	GlobalSection(NestedProjects) = preSolution
		{4987FEF9-F92C-469F-B9DF-9219901B4CC5} = {81F6C796-9860-4E33-AF8E-ED9F790479A7}
	EndGlobalSection
	GlobalSection(ExtensibilityGlobals) = postSolution
		SolutionGuid = {6E252917-C312-40AA-A870-15549F888CE6}
	EndGlobalSection
EndGlobal
