
Microsoft Visual Studio Solution File, Format Version 12.00
# Visual Studio Version 16
VisualStudioVersion = 16.0.31729.503
MinimumVisualStudioVersion = 10.0.40219.1
Project("{FAE04EC0-301F-11D3-BF4B-00C04F79EFBC}") = "IUReportes", "IUReportes\IUReportes.csproj", "{9F4458D6-737F-4E02-9C66-B01A65D11E4A}"
EndProject
Global
	GlobalSection(SolutionConfigurationPlatforms) = preSolution
		Debug|Any CPU = Debug|Any CPU
		Release|Any CPU = Release|Any CPU
	EndGlobalSection
	GlobalSection(ProjectConfigurationPlatforms) = postSolution
		{9F4458D6-737F-4E02-9C66-B01A65D11E4A}.Debug|Any CPU.ActiveCfg = Debug|Any CPU
		{9F4458D6-737F-4E02-9C66-B01A65D11E4A}.Debug|Any CPU.Build.0 = Debug|Any CPU
		{9F4458D6-737F-4E02-9C66-B01A65D11E4A}.Release|Any CPU.ActiveCfg = Release|Any CPU
		{9F4458D6-737F-4E02-9C66-B01A65D11E4A}.Release|Any CPU.Build.0 = Release|Any CPU
	EndGlobalSection
	GlobalSection(SolutionProperties) = preSolution
		HideSolutionNode = FALSE
	EndGlobalSection
	GlobalSection(ExtensibilityGlobals) = postSolution
		SolutionGuid = {F2AB22F0-006F-4D6D-815E-71B644B6B1DF}
	EndGlobalSection
EndGlobal
