Microsoft Visual Studio Solution File, Format Version 12.00
# Visual Studio Version 16
VisualStudioVersion = 16.0.31729.503
MinimumVisualStudioVersion = 10.0.40219.1
Project("{FAE04EC0-301F-11D3-BF4B-00C04F79EFBC}") = "FacturacionNetV2", "..\FacturacionWebV2\FacturacionNetV2.csproj", "{1C7D79AE-BA1C-4C5A-A1BC-C348EEA97D16}"
EndProject
Global
	GlobalSection(SolutionConfigurationPlatforms) = preSolution
		Debug|Any CPU = Debug|Any CPU
		Release|Any CPU = Release|Any CPU
	EndGlobalSection
	GlobalSection(ProjectConfigurationPlatforms) = postSolution
		{1C7D79AE-BA1C-4C5A-A1BC-C348EEA97D16}.Debug|Any CPU.ActiveCfg = Debug|Any CPU
		{1C7D79AE-BA1C-4C5A-A1BC-C348EEA97D16}.Debug|Any CPU.Build.0 = Debug|Any CPU
		{1C7D79AE-BA1C-4C5A-A1BC-C348EEA97D16}.Release|Any CPU.ActiveCfg = Release|Any CPU
		{1C7D79AE-BA1C-4C5A-A1BC-C348EEA97D16}.Release|Any CPU.Build.0 = Release|Any CPU
	EndGlobalSection
	GlobalSection(SolutionProperties) = preSolution
		HideSolutionNode = FALSE
	EndGlobalSection
	GlobalSection(ExtensibilityGlobals) = postSolution
		SolutionGuid = {33FE6C9F-6F0A-4242-8CF7-E78AFFEAA041}
	EndGlobalSection
EndGlobal
